
Microsoft Visual Studio Solution File, Format Version 12.00
# Visual Studio 2015
Project("{FAE04EC0-301F-11D3-BF4B-00C04F79EFBC}") = "final_SeaLionTrainer.CSharp", "final_SeaLionTrainer.CSharp.csproj", "{4037CC79-BAE6-7768-102C-F7434B6ED57B}"
EndProject
Global
	GlobalSection(SolutionConfigurationPlatforms) = preSolution
		Debug|Any CPU = Debug|Any CPU
		Release|Any CPU = Release|Any CPU
	EndGlobalSection
	GlobalSection(ProjectConfigurationPlatforms) = postSolution
		{4037CC79-BAE6-7768-102C-F7434B6ED57B}.Debug|Any CPU.ActiveCfg = Debug|Any CPU
		{4037CC79-BAE6-7768-102C-F7434B6ED57B}.Debug|Any CPU.Build.0 = Debug|Any CPU
		{4037CC79-BAE6-7768-102C-F7434B6ED57B}.Release|Any CPU.ActiveCfg = Release|Any CPU
		{4037CC79-BAE6-7768-102C-F7434B6ED57B}.Release|Any CPU.Build.0 = Release|Any CPU
	EndGlobalSection
	GlobalSection(SolutionProperties) = preSolution
		HideSolutionNode = FALSE
	EndGlobalSection
EndGlobal
