Microsoft Visual Studio Solution File, Format Version 11.00
# Visual Studio 2008

Project("{7F894509-BAB9-3178-4BB6-77DDE35A2B94}") = "City_Generator", "Assembly-CSharp.csproj", "{32257915-4DF3-1EAD-B2D0-4B28F84D9349}"
EndProject
Global
	GlobalSection(SolutionConfigurationPlatforms) = preSolution
		Debug|Any CPU = Debug|Any CPU
		Release|Any CPU = Release|Any CPU
	EndGlobalSection
	GlobalSection(ProjectConfigurationPlatforms) = postSolution
		{32257915-4DF3-1EAD-B2D0-4B28F84D9349}.Debug|Any CPU.ActiveCfg = Debug|Any CPU
		{32257915-4DF3-1EAD-B2D0-4B28F84D9349}.Debug|Any CPU.Build.0 = Debug|Any CPU
		{32257915-4DF3-1EAD-B2D0-4B28F84D9349}.Release|Any CPU.ActiveCfg = Release|Any CPU
		{32257915-4DF3-1EAD-B2D0-4B28F84D9349}.Release|Any CPU.Build.0 = Release|Any CPU
	EndGlobalSection
	GlobalSection(SolutionProperties) = preSolution
		HideSolutionNode = FALSE
	EndGlobalSection
	GlobalSection(MonoDevelopProperties) = preSolution
		StartupItem = Assembly-CSharp.csproj
	EndGlobalSection
EndGlobal
